
Microsoft Visual Studio Solution File, Format Version 12.00
# Visual Studio 15
VisualStudioVersion = 15.0.27004.2002
MinimumVisualStudioVersion = 10.0.40219.1
Project("{FAE04EC0-301F-11D3-BF4B-00C04F79EFBC}") = "Base.Norte360-RestApi", "Base.Norte360-RestApi\Base.Norte360-RestApi.csproj", "{26597C53-4420-42EA-9C88-F7FA5D1444D9}"
EndProject
Project("{FAE04EC0-301F-11D3-BF4B-00C04F79EFBC}") = "Base.Norte360.DataModel", "Base.Norte360.DataModel\Base.Norte360.DataModel.csproj", "{CD36F420-6FCD-40CE-ADC5-90D0D60601DB}"
EndProject
Project("{FAE04EC0-301F-11D3-BF4B-00C04F79EFBC}") = "Base.Norte360.Logica", "Base.Norte360.Logica\Base.Norte360.Logica.csproj", "{A745BDEF-79AA-408D-816C-9FBA1AA054AA}"
EndProject
Global
	GlobalSection(SolutionConfigurationPlatforms) = preSolution
		Debug|Any CPU = Debug|Any CPU
		Release|Any CPU = Release|Any CPU
	EndGlobalSection
	GlobalSection(ProjectConfigurationPlatforms) = postSolution
		{26597C53-4420-42EA-9C88-F7FA5D1444D9}.Debug|Any CPU.ActiveCfg = Debug|Any CPU
		{26597C53-4420-42EA-9C88-F7FA5D1444D9}.Debug|Any CPU.Build.0 = Debug|Any CPU
		{26597C53-4420-42EA-9C88-F7FA5D1444D9}.Release|Any CPU.ActiveCfg = Release|Any CPU
		{26597C53-4420-42EA-9C88-F7FA5D1444D9}.Release|Any CPU.Build.0 = Release|Any CPU
		{CD36F420-6FCD-40CE-ADC5-90D0D60601DB}.Debug|Any CPU.ActiveCfg = Debug|Any CPU
		{CD36F420-6FCD-40CE-ADC5-90D0D60601DB}.Debug|Any CPU.Build.0 = Debug|Any CPU
		{CD36F420-6FCD-40CE-ADC5-90D0D60601DB}.Release|Any CPU.ActiveCfg = Release|Any CPU
		{CD36F420-6FCD-40CE-ADC5-90D0D60601DB}.Release|Any CPU.Build.0 = Release|Any CPU
		{A745BDEF-79AA-408D-816C-9FBA1AA054AA}.Debug|Any CPU.ActiveCfg = Debug|Any CPU
		{A745BDEF-79AA-408D-816C-9FBA1AA054AA}.Debug|Any CPU.Build.0 = Debug|Any CPU
		{A745BDEF-79AA-408D-816C-9FBA1AA054AA}.Release|Any CPU.ActiveCfg = Release|Any CPU
		{A745BDEF-79AA-408D-816C-9FBA1AA054AA}.Release|Any CPU.Build.0 = Release|Any CPU
	EndGlobalSection
	GlobalSection(SolutionProperties) = preSolution
		HideSolutionNode = FALSE
	EndGlobalSection
	GlobalSection(ExtensibilityGlobals) = postSolution
		SolutionGuid = {EEFF3068-8670-49FA-A854-D376E4C51F54}
	EndGlobalSection
EndGlobal
